
Microsoft Visual Studio Solution File, Format Version 12.00
# Visual Studio 15
VisualStudioVersion = 15.0.27428.2027
MinimumVisualStudioVersion = 10.0.40219.1
Project("{FAE04EC0-301F-11D3-BF4B-00C04F79EFBC}") = "NaughtyWords", "NaughtyWords\NaughtyWords.csproj", "{DAA9BFF4-68DA-4EFF-83B0-B05063CAF66A}"
EndProject
Global
	GlobalSection(SolutionConfigurationPlatforms) = preSolution
		Debug|Any CPU = Debug|Any CPU
		Release|Any CPU = Release|Any CPU
	EndGlobalSection
	GlobalSection(ProjectConfigurationPlatforms) = postSolution
		{DAA9BFF4-68DA-4EFF-83B0-B05063CAF66A}.Debug|Any CPU.ActiveCfg = Debug|Any CPU
		{DAA9BFF4-68DA-4EFF-83B0-B05063CAF66A}.Debug|Any CPU.Build.0 = Debug|Any CPU
		{DAA9BFF4-68DA-4EFF-83B0-B05063CAF66A}.Release|Any CPU.ActiveCfg = Release|Any CPU
		{DAA9BFF4-68DA-4EFF-83B0-B05063CAF66A}.Release|Any CPU.Build.0 = Release|Any CPU
	EndGlobalSection
	GlobalSection(SolutionProperties) = preSolution
		HideSolutionNode = FALSE
	EndGlobalSection
	GlobalSection(ExtensibilityGlobals) = postSolution
		SolutionGuid = {37D30D72-67A4-4516-88B1-1E5A4794D973}
	EndGlobalSection
EndGlobal
